
Microsoft Visual Studio Solution File, Format Version 12.00
# Visual Studio 15
VisualStudioVersion = 15.0.28307.572
MinimumVisualStudioVersion = 10.0.40219.1
Project("{FAE04EC0-301F-11D3-BF4B-00C04F79EFBC}") = "GenericFluent", "GenericFluent\GenericFluent.csproj", "{6F4FEC91-1253-4B22-A8FD-B9F3513B518A}"
EndProject
Global
	GlobalSection(SolutionConfigurationPlatforms) = preSolution
		Debug|Any CPU = Debug|Any CPU
		Release|Any CPU = Release|Any CPU
	EndGlobalSection
	GlobalSection(ProjectConfigurationPlatforms) = postSolution
		{6F4FEC91-1253-4B22-A8FD-B9F3513B518A}.Debug|Any CPU.ActiveCfg = Debug|Any CPU
		{6F4FEC91-1253-4B22-A8FD-B9F3513B518A}.Debug|Any CPU.Build.0 = Debug|Any CPU
		{6F4FEC91-1253-4B22-A8FD-B9F3513B518A}.Release|Any CPU.ActiveCfg = Release|Any CPU
		{6F4FEC91-1253-4B22-A8FD-B9F3513B518A}.Release|Any CPU.Build.0 = Release|Any CPU
	EndGlobalSection
	GlobalSection(SolutionProperties) = preSolution
		HideSolutionNode = FALSE
	EndGlobalSection
	GlobalSection(ExtensibilityGlobals) = postSolution
		SolutionGuid = {340AFB72-ADA1-4196-96DD-F5C49289AA07}
	EndGlobalSection
EndGlobal
